<?xml version="1.0" encoding="utf-8"?>
<Project ToolsVersion="4.0" xmlns="http://schemas.microsoft.com/developer/msbuild/2003">
  <ItemGroup>
    <ClInclude Include="..\src\ofxPlugin.h" />
    <ClInclude Include="..\src\ofxPlugin\Factory.h">
      <Filter>ofxPlugin</Filter>
    </ClInclude>
    <ClInclude Include="..\src\ofxPlugin\BaseModule.h">
      <Filter>ofxPlugin</Filter>
    </ClInclude>
    <ClInclude Include="..\src\ofxPlugin\FactoryRegister.h">
      <Filter>ofxPlugin</Filter>
    </ClInclude>
    <ClInclude Include="..\src\ofxPlugin\Plugin.h">
      <Filter>ofxPlugin</Filter>
    </ClInclude>
  </ItemGroup>
  <ItemGroup>
    <Filter Include="ofxPlugin">
      <UniqueIdentifier>{63c7c0c7-3d15-444a-9ec5-f16591e5ae20}</UniqueIdentifier>
    </Filter>
  </ItemGroup>
  <ItemGroup>
    <ClCompile Include="..\src\ofxPlugin\FactoryRegister.cpp">
      <Filter>ofxPlugin</Filter>
    </ClCompile>
  </ItemGroup>
</Project>